
Microsoft Visual Studio Solution File, Format Version 12.00
# Visual Studio Version 16
VisualStudioVersion = 16.0.29609.76
MinimumVisualStudioVersion = 10.0.40219.1
Project("{FAE04EC0-301F-11D3-BF4B-00C04F79EFBC}") = "FaceRigger", "FaceRigger.csproj", "{7DE01749-4280-4A83-A0CD-44FCD134B702}"
EndProject
Global
	GlobalSection(SolutionConfigurationPlatforms) = preSolution
		Debug|Any CPU = Debug|Any CPU
		Release|Any CPU = Release|Any CPU
	EndGlobalSection
	GlobalSection(ProjectConfigurationPlatforms) = postSolution
		{7DE01749-4280-4A83-A0CD-44FCD134B702}.Debug|Any CPU.ActiveCfg = Debug|Any CPU
		{7DE01749-4280-4A83-A0CD-44FCD134B702}.Debug|Any CPU.Build.0 = Debug|Any CPU
		{7DE01749-4280-4A83-A0CD-44FCD134B702}.Release|Any CPU.ActiveCfg = Release|Any CPU
		{7DE01749-4280-4A83-A0CD-44FCD134B702}.Release|Any CPU.Build.0 = Release|Any CPU
	EndGlobalSection
	GlobalSection(SolutionProperties) = preSolution
		HideSolutionNode = FALSE
	EndGlobalSection
	GlobalSection(ExtensibilityGlobals) = postSolution
		SolutionGuid = {1C1D612E-200E-4C50-99E5-BA4170669D7B}
	EndGlobalSection
EndGlobal
